{
  "name": "main-app",
  "version": "1.0.0",
  "lockfileVersion": 1,
  "requires": true,
  "dependencies": {
    "koa-redirects-path": {
      "version": "1.0.13",
      "resolved": "https://registry.npmjs.org/koa-redirects-path/-/koa-redirects-path-1.0.13.tgz",
      "integrity": "sha512-nt7xLrqVizClMxUYiXEwWGCtswEZ7yGGhl93E3e4/LXT5uS9JHFpg4ZJDCrHCWjrSjlZ+7PG2ELPGTyZtBzmbg==",
      "requires": {
        "path-to-regexp": "^6.2.0"
      }
    },
    "path-to-regexp": {
      "version": "6.2.0",
      "resolved": "https://registry.npmjs.org/path-to-regexp/-/path-to-regexp-6.2.0.tgz",
      "integrity": "sha512-f66KywYG6+43afgE/8j/GoiNyygk/bnoCbps++3ErRKsIYkGGupyv07R2Ok5m9i67Iqc+T2g1eAUGUPzWhYTyg=="
    }
  }
}
